// !$*UTF8*$!
{
	archiveVersion = 1;
	classes = {
	};
	objectVersion = 55;
	objects = {

/* Begin PBXBuildFile section */
		24A99B3C287DB14C004B5BAC /* AppDelegate.swift in Sources */ = {isa = PBXBuildFile; fileRef = 24A99B3B287DB14C004B5BAC /* AppDelegate.swift */; };
		24A99B3E287DB14C004B5BAC /* SceneDelegate.swift in Sources */ = {isa = PBXBuildFile; fileRef = 24A99B3D287DB14C004B5BAC /* SceneDelegate.swift */; };
		24A99B40287DB14C004B5BAC /* MealsViewController.swift in Sources */ = {isa = PBXBuildFile; fileRef = 24A99B3F287DB14C004B5BAC /* MealsViewController.swift */; };
		24A99B43287DB14C004B5BAC /* Main.storyboard in Resources */ = {isa = PBXBuildFile; fileRef = 24A99B41287DB14C004B5BAC /* Main.storyboard */; };
		24A99B46287DB14C004B5BAC /* Recipe.xcdatamodeld in Sources */ = {isa = PBXBuildFile; fileRef = 24A99B44287DB14C004B5BAC /* Recipe.xcdatamodeld */; };
		24A99B48287DB14E004B5BAC /* Assets.xcassets in Resources */ = {isa = PBXBuildFile; fileRef = 24A99B47287DB14E004B5BAC /* Assets.xcassets */; };
		24A99B4B287DB14E004B5BAC /* LaunchScreen.storyboard in Resources */ = {isa = PBXBuildFile; fileRef = 24A99B49287DB14E004B5BAC /* LaunchScreen.storyboard */; };
		24A99B56287DB14E004B5BAC /* RecipeTests.swift in Sources */ = {isa = PBXBuildFile; fileRef = 24A99B55287DB14E004B5BAC /* RecipeTests.swift */; };
		24A99B60287DB14E004B5BAC /* RecipeUITests.swift in Sources */ = {isa = PBXBuildFile; fileRef = 24A99B5F287DB14E004B5BAC /* RecipeUITests.swift */; };
		24A99B62287DB14E004B5BAC /* RecipeUITestsLaunchTests.swift in Sources */ = {isa = PBXBuildFile; fileRef = 24A99B61287DB14E004B5BAC /* RecipeUITestsLaunchTests.swift */; };
		24A99B6F287DB326004B5BAC /* MealsView.swift in Sources */ = {isa = PBXBuildFile; fileRef = 24A99B6E287DB326004B5BAC /* MealsView.swift */; };
		24A99B75287DB4C2004B5BAC /* DefaultNetworkService.swift in Sources */ = {isa = PBXBuildFile; fileRef = 24A99B74287DB4C2004B5BAC /* DefaultNetworkService.swift */; };
		24A99B77287DCA07004B5BAC /* Meal.swift in Sources */ = {isa = PBXBuildFile; fileRef = 24A99B76287DCA07004B5BAC /* Meal.swift */; };
		24A99B7A287DCA3A004B5BAC /* ErrorResponse.swift in Sources */ = {isa = PBXBuildFile; fileRef = 24A99B79287DCA3A004B5BAC /* ErrorResponse.swift */; };
		24A99B7C287DCA46004B5BAC /* HTTPMethod.swift in Sources */ = {isa = PBXBuildFile; fileRef = 24A99B7B287DCA46004B5BAC /* HTTPMethod.swift */; };
		24A99B7E287DCA58004B5BAC /* DataRequest.swift in Sources */ = {isa = PBXBuildFile; fileRef = 24A99B7D287DCA58004B5BAC /* DataRequest.swift */; };
		24A99B80287DCA8B004B5BAC /* NetworkProtocol.swift in Sources */ = {isa = PBXBuildFile; fileRef = 24A99B7F287DCA8B004B5BAC /* NetworkProtocol.swift */; };
		24A99B82287DCB25004B5BAC /* MealsRequest.swift in Sources */ = {isa = PBXBuildFile; fileRef = 24A99B81287DCB25004B5BAC /* MealsRequest.swift */; };
		24FFBB09287DF01D00CD1CAC /* UIImage+etx.swift in Sources */ = {isa = PBXBuildFile; fileRef = 24FFBB08287DF01D00CD1CAC /* UIImage+etx.swift */; };
		24FFBB0B287DF07500CD1CAC /* MealsViewItem.swift in Sources */ = {isa = PBXBuildFile; fileRef = 24FFBB0A287DF07500CD1CAC /* MealsViewItem.swift */; };
		24FFBB1C287DFCED00CD1CAC /* Kingfisher in Frameworks */ = {isa = PBXBuildFile; productRef = 24FFBB1B287DFCED00CD1CAC /* Kingfisher */; };
		24FFBB1E287E0B0D00CD1CAC /* UIImageView+etx.swift in Sources */ = {isa = PBXBuildFile; fileRef = 24FFBB1D287E0B0D00CD1CAC /* UIImageView+etx.swift */; };
		24FFBB20287E0BF900CD1CAC /* UITableView+etx.swift in Sources */ = {isa = PBXBuildFile; fileRef = 24FFBB1F287E0BF900CD1CAC /* UITableView+etx.swift */; };
		24FFBB22287E290100CD1CAC /* RecipeView.swift in Sources */ = {isa = PBXBuildFile; fileRef = 24FFBB21287E290100CD1CAC /* RecipeView.swift */; };
		24FFBB24287E291600CD1CAC /* RecipeViewController.swift in Sources */ = {isa = PBXBuildFile; fileRef = 24FFBB23287E291600CD1CAC /* RecipeViewController.swift */; };
		24FFBB26287E2ABC00CD1CAC /* Recipe.swift in Sources */ = {isa = PBXBuildFile; fileRef = 24FFBB25287E2ABC00CD1CAC /* Recipe.swift */; };
		24FFBB28287E2CD600CD1CAC /* RecipeRequest.swift in Sources */ = {isa = PBXBuildFile; fileRef = 24FFBB27287E2CD600CD1CAC /* RecipeRequest.swift */; };
/* End PBXBuildFile section */

/* Begin PBXContainerItemProxy section */
		24A99B52287DB14E004B5BAC /* PBXContainerItemProxy */ = {
			isa = PBXContainerItemProxy;
			containerPortal = 24A99B30287DB14C004B5BAC /* Project object */;
			proxyType = 1;
			remoteGlobalIDString = 24A99B37287DB14C004B5BAC;
			remoteInfo = Recipe;
		};
		24A99B5C287DB14E004B5BAC /* PBXContainerItemProxy */ = {
			isa = PBXContainerItemProxy;
			containerPortal = 24A99B30287DB14C004B5BAC /* Project object */;
			proxyType = 1;
			remoteGlobalIDString = 24A99B37287DB14C004B5BAC;
			remoteInfo = Recipe;
		};
/* End PBXContainerItemProxy section */

/* Begin PBXFileReference section */
		24A99B38287DB14C004B5BAC /* Recipe.app */ = {isa = PBXFileReference; explicitFileType = wrapper.application; includeInIndex = 0; path = Recipe.app; sourceTree = BUILT_PRODUCTS_DIR; };
		24A99B3B287DB14C004B5BAC /* AppDelegate.swift */ = {isa = PBXFileReference; lastKnownFileType = sourcecode.swift; path = AppDelegate.swift; sourceTree = "<group>"; };
		24A99B3D287DB14C004B5BAC /* SceneDelegate.swift */ = {isa = PBXFileReference; lastKnownFileType = sourcecode.swift; path = SceneDelegate.swift; sourceTree = "<group>"; };
		24A99B3F287DB14C004B5BAC /* MealsViewController.swift */ = {isa = PBXFileReference; lastKnownFileType = sourcecode.swift; path = MealsViewController.swift; sourceTree = "<group>"; };
		24A99B42287DB14C004B5BAC /* Base */ = {isa = PBXFileReference; lastKnownFileType = file.storyboard; name = Base; path = Base.lproj/Main.storyboard; sourceTree = "<group>"; };
		24A99B45287DB14C004B5BAC /* Recipe.xcdatamodel */ = {isa = PBXFileReference; lastKnownFileType = wrapper.xcdatamodel; path = Recipe.xcdatamodel; sourceTree = "<group>"; };
		24A99B47287DB14E004B5BAC /* Assets.xcassets */ = {isa = PBXFileReference; lastKnownFileType = folder.assetcatalog; path = Assets.xcassets; sourceTree = "<group>"; };
		24A99B4A287DB14E004B5BAC /* Base */ = {isa = PBXFileReference; lastKnownFileType = file.storyboard; name = Base; path = Base.lproj/LaunchScreen.storyboard; sourceTree = "<group>"; };
		24A99B4C287DB14E004B5BAC /* Info.plist */ = {isa = PBXFileReference; lastKnownFileType = text.plist.xml; path = Info.plist; sourceTree = "<group>"; };
		24A99B51287DB14E004B5BAC /* RecipeTests.xctest */ = {isa = PBXFileReference; explicitFileType = wrapper.cfbundle; includeInIndex = 0; path = RecipeTests.xctest; sourceTree = BUILT_PRODUCTS_DIR; };
		24A99B55287DB14E004B5BAC /* RecipeTests.swift */ = {isa = PBXFileReference; lastKnownFileType = sourcecode.swift; path = RecipeTests.swift; sourceTree = "<group>"; };
		24A99B5B287DB14E004B5BAC /* RecipeUITests.xctest */ = {isa = PBXFileReference; explicitFileType = wrapper.cfbundle; includeInIndex = 0; path = RecipeUITests.xctest; sourceTree = BUILT_PRODUCTS_DIR; };
		24A99B5F287DB14E004B5BAC /* RecipeUITests.swift */ = {isa = PBXFileReference; lastKnownFileType = sourcecode.swift; path = RecipeUITests.swift; sourceTree = "<group>"; };
		24A99B61287DB14E004B5BAC /* RecipeUITestsLaunchTests.swift */ = {isa = PBXFileReference; lastKnownFileType = sourcecode.swift; path = RecipeUITestsLaunchTests.swift; sourceTree = "<group>"; };
		24A99B6E287DB326004B5BAC /* MealsView.swift */ = {isa = PBXFileReference; lastKnownFileType = sourcecode.swift; path = MealsView.swift; sourceTree = "<group>"; };
		24A99B74287DB4C2004B5BAC /* DefaultNetworkService.swift */ = {isa = PBXFileReference; lastKnownFileType = sourcecode.swift; path = DefaultNetworkService.swift; sourceTree = "<group>"; };
		24A99B76287DCA07004B5BAC /* Meal.swift */ = {isa = PBXFileReference; lastKnownFileType = sourcecode.swift; path = Meal.swift; sourceTree = "<group>"; };
		24A99B79287DCA3A004B5BAC /* ErrorResponse.swift */ = {isa = PBXFileReference; lastKnownFileType = sourcecode.swift; path = ErrorResponse.swift; sourceTree = "<group>"; };
		24A99B7B287DCA46004B5BAC /* HTTPMethod.swift */ = {isa = PBXFileReference; lastKnownFileType = sourcecode.swift; path = HTTPMethod.swift; sourceTree = "<group>"; };
		24A99B7D287DCA58004B5BAC /* DataRequest.swift */ = {isa = PBXFileReference; lastKnownFileType = sourcecode.swift; path = DataRequest.swift; sourceTree = "<group>"; };
		24A99B7F287DCA8B004B5BAC /* NetworkProtocol.swift */ = {isa = PBXFileReference; lastKnownFileType = sourcecode.swift; path = NetworkProtocol.swift; sourceTree = "<group>"; };
		24A99B81287DCB25004B5BAC /* MealsRequest.swift */ = {isa = PBXFileReference; lastKnownFileType = sourcecode.swift; path = MealsRequest.swift; sourceTree = "<group>"; };
		24FFBB08287DF01D00CD1CAC /* UIImage+etx.swift */ = {isa = PBXFileReference; lastKnownFileType = sourcecode.swift; path = "UIImage+etx.swift"; sourceTree = "<group>"; };
		24FFBB0A287DF07500CD1CAC /* MealsViewItem.swift */ = {isa = PBXFileReference; lastKnownFileType = sourcecode.swift; path = MealsViewItem.swift; sourceTree = "<group>"; };
		24FFBB1D287E0B0D00CD1CAC /* UIImageView+etx.swift */ = {isa = PBXFileReference; lastKnownFileType = sourcecode.swift; path = "UIImageView+etx.swift"; sourceTree = "<group>"; };
		24FFBB1F287E0BF900CD1CAC /* UITableView+etx.swift */ = {isa = PBXFileReference; lastKnownFileType = sourcecode.swift; path = "UITableView+etx.swift"; sourceTree = "<group>"; };
		24FFBB21287E290100CD1CAC /* RecipeView.swift */ = {isa = PBXFileReference; lastKnownFileType = sourcecode.swift; path = RecipeView.swift; sourceTree = "<group>"; };
		24FFBB23287E291600CD1CAC /* RecipeViewController.swift */ = {isa = PBXFileReference; lastKnownFileType = sourcecode.swift; path = RecipeViewController.swift; sourceTree = "<group>"; };
		24FFBB25287E2ABC00CD1CAC /* Recipe.swift */ = {isa = PBXFileReference; lastKnownFileType = sourcecode.swift; path = Recipe.swift; sourceTree = "<group>"; };
		24FFBB27287E2CD600CD1CAC /* RecipeRequest.swift */ = {isa = PBXFileReference; lastKnownFileType = sourcecode.swift; path = RecipeRequest.swift; sourceTree = "<group>"; };
/* End PBXFileReference section */

/* Begin PBXFrameworksBuildPhase section */
		24A99B35287DB14C004B5BAC /* Frameworks */ = {
			isa = PBXFrameworksBuildPhase;
			buildActionMask = 2147483647;
			files = (
				24FFBB1C287DFCED00CD1CAC /* Kingfisher in Frameworks */,
			);
			runOnlyForDeploymentPostprocessing = 0;
		};
		24A99B4E287DB14E004B5BAC /* Frameworks */ = {
			isa = PBXFrameworksBuildPhase;
			buildActionMask = 2147483647;
			files = (
			);
			runOnlyForDeploymentPostprocessing = 0;
		};
		24A99B58287DB14E004B5BAC /* Frameworks */ = {
			isa = PBXFrameworksBuildPhase;
			buildActionMask = 2147483647;
			files = (
			);
			runOnlyForDeploymentPostprocessing = 0;
		};
/* End PBXFrameworksBuildPhase section */

/* Begin PBXGroup section */
		24A99B2F287DB14C004B5BAC = {
			isa = PBXGroup;
			children = (
				24A99B3A287DB14C004B5BAC /* Recipe */,
				24A99B54287DB14E004B5BAC /* RecipeTests */,
				24A99B5E287DB14E004B5BAC /* RecipeUITests */,
				24A99B39287DB14C004B5BAC /* Products */,
			);
			sourceTree = "<group>";
		};
		24A99B39287DB14C004B5BAC /* Products */ = {
			isa = PBXGroup;
			children = (
				24A99B38287DB14C004B5BAC /* Recipe.app */,
				24A99B51287DB14E004B5BAC /* RecipeTests.xctest */,
				24A99B5B287DB14E004B5BAC /* RecipeUITests.xctest */,
			);
			name = Products;
			sourceTree = "<group>";
		};
		24A99B3A287DB14C004B5BAC /* Recipe */ = {
			isa = PBXGroup;
			children = (
				24A99B3B287DB14C004B5BAC /* AppDelegate.swift */,
				24A99B3D287DB14C004B5BAC /* SceneDelegate.swift */,
				24FFBB07287DF01300CD1CAC /* Utils */,
				24A99B78287DCA2E004B5BAC /* Network */,
				24A99B72287DB400004B5BAC /* Model */,
				24A99B71287DB3F4004B5BAC /* View */,
				24A99B70287DB3E6004B5BAC /* ViewController */,
				24A99B41287DB14C004B5BAC /* Main.storyboard */,
				24A99B47287DB14E004B5BAC /* Assets.xcassets */,
				24A99B49287DB14E004B5BAC /* LaunchScreen.storyboard */,
				24A99B4C287DB14E004B5BAC /* Info.plist */,
				24A99B44287DB14C004B5BAC /* Recipe.xcdatamodeld */,
			);
			path = Recipe;
			sourceTree = "<group>";
		};
		24A99B54287DB14E004B5BAC /* RecipeTests */ = {
			isa = PBXGroup;
			children = (
				24A99B55287DB14E004B5BAC /* RecipeTests.swift */,
			);
			path = RecipeTests;
			sourceTree = "<group>";
		};
		24A99B5E287DB14E004B5BAC /* RecipeUITests */ = {
			isa = PBXGroup;
			children = (
				24A99B5F287DB14E004B5BAC /* RecipeUITests.swift */,
				24A99B61287DB14E004B5BAC /* RecipeUITestsLaunchTests.swift */,
			);
			path = RecipeUITests;
			sourceTree = "<group>";
		};
		24A99B70287DB3E6004B5BAC /* ViewController */ = {
			isa = PBXGroup;
			children = (
				24A99B3F287DB14C004B5BAC /* MealsViewController.swift */,
				24FFBB23287E291600CD1CAC /* RecipeViewController.swift */,
			);
			path = ViewController;
			sourceTree = "<group>";
		};
		24A99B71287DB3F4004B5BAC /* View */ = {
			isa = PBXGroup;
			children = (
				24A99B6E287DB326004B5BAC /* MealsView.swift */,
				24FFBB0A287DF07500CD1CAC /* MealsViewItem.swift */,
				24FFBB21287E290100CD1CAC /* RecipeView.swift */,
			);
			path = View;
			sourceTree = "<group>";
		};
		24A99B72287DB400004B5BAC /* Model */ = {
			isa = PBXGroup;
			children = (
				24A99B76287DCA07004B5BAC /* Meal.swift */,
				24FFBB25287E2ABC00CD1CAC /* Recipe.swift */,
			);
			path = Model;
			sourceTree = "<group>";
		};
		24A99B78287DCA2E004B5BAC /* Network */ = {
			isa = PBXGroup;
			children = (
				24A99B7B287DCA46004B5BAC /* HTTPMethod.swift */,
				24A99B7D287DCA58004B5BAC /* DataRequest.swift */,
				24A99B81287DCB25004B5BAC /* MealsRequest.swift */,
				24FFBB27287E2CD600CD1CAC /* RecipeRequest.swift */,
				24A99B79287DCA3A004B5BAC /* ErrorResponse.swift */,
				24A99B7F287DCA8B004B5BAC /* NetworkProtocol.swift */,
				24A99B74287DB4C2004B5BAC /* DefaultNetworkService.swift */,
			);
			path = Network;
			sourceTree = "<group>";
		};
		24FFBB07287DF01300CD1CAC /* Utils */ = {
			isa = PBXGroup;
			children = (
				24FFBB08287DF01D00CD1CAC /* UIImage+etx.swift */,
				24FFBB1D287E0B0D00CD1CAC /* UIImageView+etx.swift */,
				24FFBB1F287E0BF900CD1CAC /* UITableView+etx.swift */,
			);
			path = Utils;
			sourceTree = "<group>";
		};
/* End PBXGroup section */

/* Begin PBXNativeTarget section */
		24A99B37287DB14C004B5BAC /* Recipe */ = {
			isa = PBXNativeTarget;
			buildConfigurationList = 24A99B65287DB14E004B5BAC /* Build configuration list for PBXNativeTarget "Recipe" */;
			buildPhases = (
				24A99B34287DB14C004B5BAC /* Sources */,
				24A99B35287DB14C004B5BAC /* Frameworks */,
				24A99B36287DB14C004B5BAC /* Resources */,
			);
			buildRules = (
			);
			dependencies = (
			);
			name = Recipe;
			packageProductDependencies = (
				24FFBB1B287DFCED00CD1CAC /* Kingfisher */,
			);
			productName = Recipe;
			productReference = 24A99B38287DB14C004B5BAC /* Recipe.app */;
			productType = "com.apple.product-type.application";
		};
		24A99B50287DB14E004B5BAC /* RecipeTests */ = {
			isa = PBXNativeTarget;
			buildConfigurationList = 24A99B68287DB14E004B5BAC /* Build configuration list for PBXNativeTarget "RecipeTests" */;
			buildPhases = (
				24A99B4D287DB14E004B5BAC /* Sources */,
				24A99B4E287DB14E004B5BAC /* Frameworks */,
				24A99B4F287DB14E004B5BAC /* Resources */,
			);
			buildRules = (
			);
			dependencies = (
				24A99B53287DB14E004B5BAC /* PBXTargetDependency */,
			);
			name = RecipeTests;
			productName = RecipeTests;
			productReference = 24A99B51287DB14E004B5BAC /* RecipeTests.xctest */;
			productType = "com.apple.product-type.bundle.unit-test";
		};
		24A99B5A287DB14E004B5BAC /* RecipeUITests */ = {
			isa = PBXNativeTarget;
			buildConfigurationList = 24A99B6B287DB14E004B5BAC /* Build configuration list for PBXNativeTarget "RecipeUITests" */;
			buildPhases = (
				24A99B57287DB14E004B5BAC /* Sources */,
				24A99B58287DB14E004B5BAC /* Frameworks */,
				24A99B59287DB14E004B5BAC /* Resources */,
			);
			buildRules = (
			);
			dependencies = (
				24A99B5D287DB14E004B5BAC /* PBXTargetDependency */,
			);
			name = RecipeUITests;
			productName = RecipeUITests;
			productReference = 24A99B5B287DB14E004B5BAC /* RecipeUITests.xctest */;
			productType = "com.apple.product-type.bundle.ui-testing";
		};
/* End PBXNativeTarget section */

/* Begin PBXProject section */
		24A99B30287DB14C004B5BAC /* Project object */ = {
			isa = PBXProject;
			attributes = {
				BuildIndependentTargetsInParallel = 1;
				LastSwiftUpdateCheck = 1340;
				LastUpgradeCheck = 1340;
				TargetAttributes = {
					24A99B37287DB14C004B5BAC = {
						CreatedOnToolsVersion = 13.4.1;
					};
					24A99B50287DB14E004B5BAC = {
						CreatedOnToolsVersion = 13.4.1;
						TestTargetID = 24A99B37287DB14C004B5BAC;
					};
					24A99B5A287DB14E004B5BAC = {
						CreatedOnToolsVersion = 13.4.1;
						TestTargetID = 24A99B37287DB14C004B5BAC;
					};
				};
			};
			buildConfigurationList = 24A99B33287DB14C004B5BAC /* Build configuration list for PBXProject "Recipe" */;
			compatibilityVersion = "Xcode 13.0";
			developmentRegion = en;
			hasScannedForEncodings = 0;
			knownRegions = (
				en,
				Base,
			);
			mainGroup = 24A99B2F287DB14C004B5BAC;
			packageReferences = (
				24FFBB1A287DFCED00CD1CAC /* XCRemoteSwiftPackageReference "Kingfisher" */,
			);
			productRefGroup = 24A99B39287DB14C004B5BAC /* Products */;
			projectDirPath = "";
			projectRoot = "";
			targets = (
				24A99B37287DB14C004B5BAC /* Recipe */,
				24A99B50287DB14E004B5BAC /* RecipeTests */,
				24A99B5A287DB14E004B5BAC /* RecipeUITests */,
			);
		};
/* End PBXProject section */

/* Begin PBXResourcesBuildPhase section */
		24A99B36287DB14C004B5BAC /* Resources */ = {
			isa = PBXResourcesBuildPhase;
			buildActionMask = 2147483647;
			files = (
				24A99B4B287DB14E004B5BAC /* LaunchScreen.storyboard in Resources */,
				24A99B48287DB14E004B5BAC /* Assets.xcassets in Resources */,
				24A99B43287DB14C004B5BAC /* Main.storyboard in Resources */,
			);
			runOnlyForDeploymentPostprocessing = 0;
		};
		24A99B4F287DB14E004B5BAC /* Resources */ = {
			isa = PBXResourcesBuildPhase;
			buildActionMask = 2147483647;
			files = (
			);
			runOnlyForDeploymentPostprocessing = 0;
		};
		24A99B59287DB14E004B5BAC /* Resources */ = {
			isa = PBXResourcesBuildPhase;
			buildActionMask = 2147483647;
			files = (
			);
			runOnlyForDeploymentPostprocessing = 0;
		};
/* End PBXResourcesBuildPhase section */

/* Begin PBXSourcesBuildPhase section */
		24A99B34287DB14C004B5BAC /* Sources */ = {
			isa = PBXSourcesBuildPhase;
			buildActionMask = 2147483647;
			files = (
				24FFBB24287E291600CD1CAC /* RecipeViewController.swift in Sources */,
				24FFBB22287E290100CD1CAC /* RecipeView.swift in Sources */,
				24FFBB28287E2CD600CD1CAC /* RecipeRequest.swift in Sources */,
				24A99B82287DCB25004B5BAC /* MealsRequest.swift in Sources */,
				24A99B40287DB14C004B5BAC /* MealsViewController.swift in Sources */,
				24A99B7E287DCA58004B5BAC /* DataRequest.swift in Sources */,
				24A99B3C287DB14C004B5BAC /* AppDelegate.swift in Sources */,
				24A99B77287DCA07004B5BAC /* Meal.swift in Sources */,
				24FFBB09287DF01D00CD1CAC /* UIImage+etx.swift in Sources */,
				24A99B3E287DB14C004B5BAC /* SceneDelegate.swift in Sources */,
				24A99B6F287DB326004B5BAC /* MealsView.swift in Sources */,
				24FFBB1E287E0B0D00CD1CAC /* UIImageView+etx.swift in Sources */,
				24FFBB20287E0BF900CD1CAC /* UITableView+etx.swift in Sources */,
				24A99B7C287DCA46004B5BAC /* HTTPMethod.swift in Sources */,
				24A99B75287DB4C2004B5BAC /* DefaultNetworkService.swift in Sources */,
				24A99B80287DCA8B004B5BAC /* NetworkProtocol.swift in Sources */,
				24FFBB0B287DF07500CD1CAC /* MealsViewItem.swift in Sources */,
				24A99B46287DB14C004B5BAC /* Recipe.xcdatamodeld in Sources */,
				24A99B7A287DCA3A004B5BAC /* ErrorResponse.swift in Sources */,
				24FFBB26287E2ABC00CD1CAC /* Recipe.swift in Sources */,
			);
			runOnlyForDeploymentPostprocessing = 0;
		};
		24A99B4D287DB14E004B5BAC /* Sources */ = {
			isa = PBXSourcesBuildPhase;
			buildActionMask = 2147483647;
			files = (
				24A99B56287DB14E004B5BAC /* RecipeTests.swift in Sources */,
			);
			runOnlyForDeploymentPostprocessing = 0;
		};
		24A99B57287DB14E004B5BAC /* Sources */ = {
			isa = PBXSourcesBuildPhase;
			buildActionMask = 2147483647;
			files = (
				24A99B62287DB14E004B5BAC /* RecipeUITestsLaunchTests.swift in Sources */,
				24A99B60287DB14E004B5BAC /* RecipeUITests.swift in Sources */,
			);
			runOnlyForDeploymentPostprocessing = 0;
		};
/* End PBXSourcesBuildPhase section */

/* Begin PBXTargetDependency section */
		24A99B53287DB14E004B5BAC /* PBXTargetDependency */ = {
			isa = PBXTargetDependency;
			target = 24A99B37287DB14C004B5BAC /* Recipe */;
			targetProxy = 24A99B52287DB14E004B5BAC /* PBXContainerItemProxy */;
		};
		24A99B5D287DB14E004B5BAC /* PBXTargetDependency */ = {
			isa = PBXTargetDependency;
			target = 24A99B37287DB14C004B5BAC /* Recipe */;
			targetProxy = 24A99B5C287DB14E004B5BAC /* PBXContainerItemProxy */;
		};
/* End PBXTargetDependency section */

/* Begin PBXVariantGroup section */
		24A99B41287DB14C004B5BAC /* Main.storyboard */ = {
			isa = PBXVariantGroup;
			children = (
				24A99B42287DB14C004B5BAC /* Base */,
			);
			name = Main.storyboard;
			sourceTree = "<group>";
		};
		24A99B49287DB14E004B5BAC /* LaunchScreen.storyboard */ = {
			isa = PBXVariantGroup;
			children = (
				24A99B4A287DB14E004B5BAC /* Base */,
			);
			name = LaunchScreen.storyboard;
			sourceTree = "<group>";
		};
/* End PBXVariantGroup section */

/* Begin XCBuildConfiguration section */
		24A99B63287DB14E004B5BAC /* Debug */ = {
			isa = XCBuildConfiguration;
			buildSettings = {
				ALWAYS_SEARCH_USER_PATHS = NO;
				CLANG_ANALYZER_NONNULL = YES;
				CLANG_ANALYZER_NUMBER_OBJECT_CONVERSION = YES_AGGRESSIVE;
				CLANG_CXX_LANGUAGE_STANDARD = "gnu++17";
				CLANG_ENABLE_MODULES = YES;
				CLANG_ENABLE_OBJC_ARC = YES;
				CLANG_ENABLE_OBJC_WEAK = YES;
				CLANG_WARN_BLOCK_CAPTURE_AUTORELEASING = YES;
				CLANG_WARN_BOOL_CONVERSION = YES;
				CLANG_WARN_COMMA = YES;
				CLANG_WARN_CONSTANT_CONVERSION = YES;
				CLANG_WARN_DEPRECATED_OBJC_IMPLEMENTATIONS = YES;
				CLANG_WARN_DIRECT_OBJC_ISA_USAGE = YES_ERROR;
				CLANG_WARN_DOCUMENTATION_COMMENTS = YES;
				CLANG_WARN_EMPTY_BODY = YES;
				CLANG_WARN_ENUM_CONVERSION = YES;
				CLANG_WARN_INFINITE_RECURSION = YES;
				CLANG_WARN_INT_CONVERSION = YES;
				CLANG_WARN_NON_LITERAL_NULL_CONVERSION = YES;
				CLANG_WARN_OBJC_IMPLICIT_RETAIN_SELF = YES;
				CLANG_WARN_OBJC_LITERAL_CONVERSION = YES;
				CLANG_WARN_OBJC_ROOT_CLASS = YES_ERROR;
				CLANG_WARN_QUOTED_INCLUDE_IN_FRAMEWORK_HEADER = YES;
				CLANG_WARN_RANGE_LOOP_ANALYSIS = YES;
				CLANG_WARN_STRICT_PROTOTYPES = YES;
				CLANG_WARN_SUSPICIOUS_MOVE = YES;
				CLANG_WARN_UNGUARDED_AVAILABILITY = YES_AGGRESSIVE;
				CLANG_WARN_UNREACHABLE_CODE = YES;
				CLANG_WARN__DUPLICATE_METHOD_MATCH = YES;
				COPY_PHASE_STRIP = NO;
				DEBUG_INFORMATION_FORMAT = dwarf;
				ENABLE_STRICT_OBJC_MSGSEND = YES;
				ENABLE_TESTABILITY = YES;
				GCC_C_LANGUAGE_STANDARD = gnu11;
				GCC_DYNAMIC_NO_PIC = NO;
				GCC_NO_COMMON_BLOCKS = YES;
				GCC_OPTIMIZATION_LEVEL = 0;
				GCC_PREPROCESSOR_DEFINITIONS = (
					"DEBUG=1",
					"$(inherited)",
				);
				GCC_WARN_64_TO_32_BIT_CONVERSION = YES;
				GCC_WARN_ABOUT_RETURN_TYPE = YES_ERROR;
				GCC_WARN_UNDECLARED_SELECTOR = YES;
				GCC_WARN_UNINITIALIZED_AUTOS = YES_AGGRESSIVE;
				GCC_WARN_UNUSED_FUNCTION = YES;
				GCC_WARN_UNUSED_VARIABLE = YES;
				IPHONEOS_DEPLOYMENT_TARGET = 15.5;
				MTL_ENABLE_DEBUG_INFO = INCLUDE_SOURCE;
				MTL_FAST_MATH = YES;
				ONLY_ACTIVE_ARCH = YES;
				SDKROOT = iphoneos;
				SWIFT_ACTIVE_COMPILATION_CONDITIONS = DEBUG;
				SWIFT_OPTIMIZATION_LEVEL = "-Onone";
			};
			name = Debug;
		};
		24A99B64287DB14E004B5BAC /* Release */ = {
			isa = XCBuildConfiguration;
			buildSettings = {
				ALWAYS_SEARCH_USER_PATHS = NO;
				CLANG_ANALYZER_NONNULL = YES;
				CLANG_ANALYZER_NUMBER_OBJECT_CONVERSION = YES_AGGRESSIVE;
				CLANG_CXX_LANGUAGE_STANDARD = "gnu++17";
				CLANG_ENABLE_MODULES = YES;
				CLANG_ENABLE_OBJC_ARC = YES;
				CLANG_ENABLE_OBJC_WEAK = YES;
				CLANG_WARN_BLOCK_CAPTURE_AUTORELEASING = YES;
				CLANG_WARN_BOOL_CONVERSION = YES;
				CLANG_WARN_COMMA = YES;
				CLANG_WARN_CONSTANT_CONVERSION = YES;
				CLANG_WARN_DEPRECATED_OBJC_IMPLEMENTATIONS = YES;
				CLANG_WARN_DIRECT_OBJC_ISA_USAGE = YES_ERROR;
				CLANG_WARN_DOCUMENTATION_COMMENTS = YES;
				CLANG_WARN_EMPTY_BODY = YES;
				CLANG_WARN_ENUM_CONVERSION = YES;
				CLANG_WARN_INFINITE_RECURSION = YES;
				CLANG_WARN_INT_CONVERSION = YES;
				CLANG_WARN_NON_LITERAL_NULL_CONVERSION = YES;
				CLANG_WARN_OBJC_IMPLICIT_RETAIN_SELF = YES;
				CLANG_WARN_OBJC_LITERAL_CONVERSION = YES;
				CLANG_WARN_OBJC_ROOT_CLASS = YES_ERROR;
				CLANG_WARN_QUOTED_INCLUDE_IN_FRAMEWORK_HEADER = YES;
				CLANG_WARN_RANGE_LOOP_ANALYSIS = YES;
				CLANG_WARN_STRICT_PROTOTYPES = YES;
				CLANG_WARN_SUSPICIOUS_MOVE = YES;
				CLANG_WARN_UNGUARDED_AVAILABILITY = YES_AGGRESSIVE;
				CLANG_WARN_UNREACHABLE_CODE = YES;
				CLANG_WARN__DUPLICATE_METHOD_MATCH = YES;
				COPY_PHASE_STRIP = NO;
				DEBUG_INFORMATION_FORMAT = "dwarf-with-dsym";
				ENABLE_NS_ASSERTIONS = NO;
				ENABLE_STRICT_OBJC_MSGSEND = YES;
				GCC_C_LANGUAGE_STANDARD = gnu11;
				GCC_NO_COMMON_BLOCKS = YES;
				GCC_WARN_64_TO_32_BIT_CONVERSION = YES;
				GCC_WARN_ABOUT_RETURN_TYPE = YES_ERROR;
				GCC_WARN_UNDECLARED_SELECTOR = YES;
				GCC_WARN_UNINITIALIZED_AUTOS = YES_AGGRESSIVE;
				GCC_WARN_UNUSED_FUNCTION = YES;
				GCC_WARN_UNUSED_VARIABLE = YES;
				IPHONEOS_DEPLOYMENT_TARGET = 15.5;
				MTL_ENABLE_DEBUG_INFO = NO;
				MTL_FAST_MATH = YES;
				SDKROOT = iphoneos;
				SWIFT_COMPILATION_MODE = wholemodule;
				SWIFT_OPTIMIZATION_LEVEL = "-O";
				VALIDATE_PRODUCT = YES;
			};
			name = Release;
		};
		24A99B66287DB14E004B5BAC /* Debug */ = {
			isa = XCBuildConfiguration;
			buildSettings = {
				ASSETCATALOG_COMPILER_APPICON_NAME = AppIcon;
				ASSETCATALOG_COMPILER_GLOBAL_ACCENT_COLOR_NAME = AccentColor;
				CODE_SIGN_STYLE = Automatic;
				CURRENT_PROJECT_VERSION = 1;
				DEVELOPMENT_TEAM = MBQ2JLQD83;
				GENERATE_INFOPLIST_FILE = YES;
				INFOPLIST_FILE = Recipe/Info.plist;
				INFOPLIST_KEY_UIApplicationSupportsIndirectInputEvents = YES;
				INFOPLIST_KEY_UILaunchStoryboardName = LaunchScreen;
				INFOPLIST_KEY_UIMainStoryboardFile = Main;
				INFOPLIST_KEY_UISupportedInterfaceOrientations_iPad = "UIInterfaceOrientationPortrait UIInterfaceOrientationPortraitUpsideDown UIInterfaceOrientationLandscapeLeft UIInterfaceOrientationLandscapeRight";
				INFOPLIST_KEY_UISupportedInterfaceOrientations_iPhone = "UIInterfaceOrientationPortrait UIInterfaceOrientationLandscapeLeft UIInterfaceOrientationLandscapeRight";
				LD_RUNPATH_SEARCH_PATHS = (
					"$(inherited)",
					"@executable_path/Frameworks",
				);
				MARKETING_VERSION = 1.0;
				PRODUCT_BUNDLE_IDENTIFIER = dev.jonathandlab.com.Recipe;
				PRODUCT_NAME = "$(TARGET_NAME)";
				SWIFT_EMIT_LOC_STRINGS = YES;
				SWIFT_VERSION = 5.0;
				TARGETED_DEVICE_FAMILY = "1,2";
			};
			name = Debug;
		};
		24A99B67287DB14E004B5BAC /* Release */ = {
			isa = XCBuildConfiguration;
			buildSettings = {
				ASSETCATALOG_COMPILER_APPICON_NAME = AppIcon;
				ASSETCATALOG_COMPILER_GLOBAL_ACCENT_COLOR_NAME = AccentColor;
				CODE_SIGN_STYLE = Automatic;
				CURRENT_PROJECT_VERSION = 1;
				DEVELOPMENT_TEAM = MBQ2JLQD83;
				GENERATE_INFOPLIST_FILE = YES;
				INFOPLIST_FILE = Recipe/Info.plist;
				INFOPLIST_KEY_UIApplicationSupportsIndirectInputEvents = YES;
				INFOPLIST_KEY_UILaunchStoryboardName = LaunchScreen;
				INFOPLIST_KEY_UIMainStoryboardFile = Main;
				INFOPLIST_KEY_UISupportedInterfaceOrientations_iPad = "UIInterfaceOrientationPortrait UIInterfaceOrientationPortraitUpsideDown UIInterfaceOrientationLandscapeLeft UIInterfaceOrientationLandscapeRight";
				INFOPLIST_KEY_UISupportedInterfaceOrientations_iPhone = "UIInterfaceOrientationPortrait UIInterfaceOrientationLandscapeLeft UIInterfaceOrientationLandscapeRight";
				LD_RUNPATH_SEARCH_PATHS = (
					"$(inherited)",
					"@executable_path/Frameworks",
				);
				MARKETING_VERSION = 1.0;
				PRODUCT_BUNDLE_IDENTIFIER = dev.jonathandlab.com.Recipe;
				PRODUCT_NAME = "$(TARGET_NAME)";
				SWIFT_EMIT_LOC_STRINGS = YES;
				SWIFT_VERSION = 5.0;
				TARGETED_DEVICE_FAMILY = "1,2";
			};
			name = Release;
		};
		24A99B69287DB14E004B5BAC /* Debug */ = {
			isa = XCBuildConfiguration;
			buildSettings = {
				ALWAYS_EMBED_SWIFT_STANDARD_LIBRARIES = YES;
				BUNDLE_LOADER = "$(TEST_HOST)";
				CODE_SIGN_STYLE = Automatic;
				CURRENT_PROJECT_VERSION = 1;
				DEVELOPMENT_TEAM = MBQ2JLQD83;
				GENERATE_INFOPLIST_FILE = YES;
				IPHONEOS_DEPLOYMENT_TARGET = 15.5;
				MARKETING_VERSION = 1.0;
				PRODUCT_BUNDLE_IDENTIFIER = dev.jonathandlab.com.RecipeTests;
				PRODUCT_NAME = "$(TARGET_NAME)";
				SWIFT_EMIT_LOC_STRINGS = NO;
				SWIFT_VERSION = 5.0;
				TARGETED_DEVICE_FAMILY = "1,2";
				TEST_HOST = "$(BUILT_PRODUCTS_DIR)/Recipe.app/Recipe";
			};
			name = Debug;
		};
		24A99B6A287DB14E004B5BAC /* Release */ = {
			isa = XCBuildConfiguration;
			buildSettings = {
				ALWAYS_EMBED_SWIFT_STANDARD_LIBRARIES = YES;
				BUNDLE_LOADER = "$(TEST_HOST)";
				CODE_SIGN_STYLE = Automatic;
				CURRENT_PROJECT_VERSION = 1;
				DEVELOPMENT_TEAM = MBQ2JLQD83;
				GENERATE_INFOPLIST_FILE = YES;
				IPHONEOS_DEPLOYMENT_TARGET = 15.5;
				MARKETING_VERSION = 1.0;
				PRODUCT_BUNDLE_IDENTIFIER = dev.jonathandlab.com.RecipeTests;
				PRODUCT_NAME = "$(TARGET_NAME)";
				SWIFT_EMIT_LOC_STRINGS = NO;
				SWIFT_VERSION = 5.0;
				TARGETED_DEVICE_FAMILY = "1,2";
				TEST_HOST = "$(BUILT_PRODUCTS_DIR)/Recipe.app/Recipe";
			};
			name = Release;
		};
		24A99B6C287DB14E004B5BAC /* Debug */ = {
			isa = XCBuildConfiguration;
			buildSettings = {
				ALWAYS_EMBED_SWIFT_STANDARD_LIBRARIES = YES;
				CODE_SIGN_STYLE = Automatic;
				CURRENT_PROJECT_VERSION = 1;
				DEVELOPMENT_TEAM = MBQ2JLQD83;
				GENERATE_INFOPLIST_FILE = YES;
				MARKETING_VERSION = 1.0;
				PRODUCT_BUNDLE_IDENTIFIER = dev.jonathandlab.com.RecipeUITests;
				PRODUCT_NAME = "$(TARGET_NAME)";
				SWIFT_EMIT_LOC_STRINGS = NO;
				SWIFT_VERSION = 5.0;
				TARGETED_DEVICE_FAMILY = "1,2";
				TEST_TARGET_NAME = Recipe;
			};
			name = Debug;
		};
		24A99B6D287DB14E004B5BAC /* Release */ = {
			isa = XCBuildConfiguration;
			buildSettings = {
				ALWAYS_EMBED_SWIFT_STANDARD_LIBRARIES = YES;
				CODE_SIGN_STYLE = Automatic;
				CURRENT_PROJECT_VERSION = 1;
				DEVELOPMENT_TEAM = MBQ2JLQD83;
				GENERATE_INFOPLIST_FILE = YES;
				MARKETING_VERSION = 1.0;
				PRODUCT_BUNDLE_IDENTIFIER = dev.jonathandlab.com.RecipeUITests;
				PRODUCT_NAME = "$(TARGET_NAME)";
				SWIFT_EMIT_LOC_STRINGS = NO;
				SWIFT_VERSION = 5.0;
				TARGETED_DEVICE_FAMILY = "1,2";
				TEST_TARGET_NAME = Recipe;
			};
			name = Release;
		};
/* End XCBuildConfiguration section */

/* Begin XCConfigurationList section */
		24A99B33287DB14C004B5BAC /* Build configuration list for PBXProject "Recipe" */ = {
			isa = XCConfigurationList;
			buildConfigurations = (
				24A99B63287DB14E004B5BAC /* Debug */,
				24A99B64287DB14E004B5BAC /* Release */,
			);
			defaultConfigurationIsVisible = 0;
			defaultConfigurationName = Release;
		};
		24A99B65287DB14E004B5BAC /* Build configuration list for PBXNativeTarget "Recipe" */ = {
			isa = XCConfigurationList;
			buildConfigurations = (
				24A99B66287DB14E004B5BAC /* Debug */,
				24A99B67287DB14E004B5BAC /* Release */,
			);
			defaultConfigurationIsVisible = 0;
			defaultConfigurationName = Release;
		};
		24A99B68287DB14E004B5BAC /* Build configuration list for PBXNativeTarget "RecipeTests" */ = {
			isa = XCConfigurationList;
			buildConfigurations = (
				24A99B69287DB14E004B5BAC /* Debug */,
				24A99B6A287DB14E004B5BAC /* Release */,
			);
			defaultConfigurationIsVisible = 0;
			defaultConfigurationName = Release;
		};
		24A99B6B287DB14E004B5BAC /* Build configuration list for PBXNativeTarget "RecipeUITests" */ = {
			isa = XCConfigurationList;
			buildConfigurations = (
				24A99B6C287DB14E004B5BAC /* Debug */,
				24A99B6D287DB14E004B5BAC /* Release */,
			);
			defaultConfigurationIsVisible = 0;
			defaultConfigurationName = Release;
		};
/* End XCConfigurationList section */

/* Begin XCRemoteSwiftPackageReference section */
		24FFBB1A287DFCED00CD1CAC /* XCRemoteSwiftPackageReference "Kingfisher" */ = {
			isa = XCRemoteSwiftPackageReference;
			repositoryURL = "https://github.com/onevcat/Kingfisher.git";
			requirement = {
				kind = upToNextMajorVersion;
				minimumVersion = 7.0.0;
			};
		};
/* End XCRemoteSwiftPackageReference section */

/* Begin XCSwiftPackageProductDependency section */
		24FFBB1B287DFCED00CD1CAC /* Kingfisher */ = {
			isa = XCSwiftPackageProductDependency;
			package = 24FFBB1A287DFCED00CD1CAC /* XCRemoteSwiftPackageReference "Kingfisher" */;
			productName = Kingfisher;
		};
/* End XCSwiftPackageProductDependency section */

/* Begin XCVersionGroup section */
		24A99B44287DB14C004B5BAC /* Recipe.xcdatamodeld */ = {
			isa = XCVersionGroup;
			children = (
				24A99B45287DB14C004B5BAC /* Recipe.xcdatamodel */,
			);
			currentVersion = 24A99B45287DB14C004B5BAC /* Recipe.xcdatamodel */;
			path = Recipe.xcdatamodeld;
			sourceTree = "<group>";
			versionGroupType = wrapper.xcdatamodel;
		};
/* End XCVersionGroup section */
	};
	rootObject = 24A99B30287DB14C004B5BAC /* Project object */;
}
